
Microsoft Visual Studio Solution File, Format Version 12.00
# Visual Studio Version 16
VisualStudioVersion = 16.0.30611.23
MinimumVisualStudioVersion = 15.0.26124.0
Project("{FAE04EC0-301F-11D3-BF4B-00C04F79EFBC}") = "Probnyjj.Objects", "Objects/Probnyjj.Objects.csproj", "276e82eb-0481-4f93-8fd9-ee66b725c249"
EndProject
Project("{FAE04EC0-301F-11D3-BF4B-00C04F79EFBC}") = "Probnyjj.Tests", "Tests/Probnyjj.Tests.csproj", "34909622-3b67-4725-8b02-2603ee0fda82"
EndProject
Project("{FAE04EC0-301F-11D3-BF4B-00C04F79EFBC}") = "Probnyjj.ODataBackend", "ODataBackend/Probnyjj.ODataBackend.csproj", "d29e1173-7285-4ba7-9a69-db79a07f2bee"
EndProject
Project("{FAE04EC0-301F-11D3-BF4B-00C04F79EFBC}") = "Probnyjj.IntegrationTests", "IntegrationTests/Probnyjj.IntegrationTests.csproj", "ef765453-17d3-4fcd-b3de-98a34b6a6df3"
EndProject
Global
	GlobalSection(SolutionConfigurationPlatforms) = preSolution
Debug|Any CPU = Debug|Any CPU
Release|Any CPU = Release|Any CPU
	EndGlobalSection
	GlobalSection(ProjectConfigurationPlatforms) = postSolution
		276e82eb-0481-4f93-8fd9-ee66b725c249.Debug|Any CPU.ActiveCfg = Debug|Any CPU
		276e82eb-0481-4f93-8fd9-ee66b725c249.Debug|Any CPU.Build.0 = Debug|Any CPU
		276e82eb-0481-4f93-8fd9-ee66b725c249.Release|Any CPU.ActiveCfg = Release|Any CPU
		276e82eb-0481-4f93-8fd9-ee66b725c249.Release|Any CPU.Build.0 = Release|Any CPU
		34909622-3b67-4725-8b02-2603ee0fda82.Debug|Any CPU.ActiveCfg = Debug|Any CPU
		34909622-3b67-4725-8b02-2603ee0fda82.Debug|Any CPU.Build.0 = Debug|Any CPU
		34909622-3b67-4725-8b02-2603ee0fda82.Release|Any CPU.ActiveCfg = Release|Any CPU
		34909622-3b67-4725-8b02-2603ee0fda82.Release|Any CPU.Build.0 = Release|Any CPU
		d29e1173-7285-4ba7-9a69-db79a07f2bee.Debug|Any CPU.ActiveCfg = Debug|Any CPU
		d29e1173-7285-4ba7-9a69-db79a07f2bee.Debug|Any CPU.Build.0 = Debug|Any CPU
		d29e1173-7285-4ba7-9a69-db79a07f2bee.Release|Any CPU.ActiveCfg = Release|Any CPU
		d29e1173-7285-4ba7-9a69-db79a07f2bee.Release|Any CPU.Build.0 = Release|Any CPU
		ef765453-17d3-4fcd-b3de-98a34b6a6df3.Debug|Any CPU.ActiveCfg = Debug|Any CPU
		ef765453-17d3-4fcd-b3de-98a34b6a6df3.Debug|Any CPU.Build.0 = Debug|Any CPU
		ef765453-17d3-4fcd-b3de-98a34b6a6df3.Release|Any CPU.ActiveCfg = Release|Any CPU
		ef765453-17d3-4fcd-b3de-98a34b6a6df3.Release|Any CPU.Build.0 = Release|Any CPU
	EndGlobalSection
	GlobalSection(SolutionProperties) = preSolution
		HideSolutionNode = FALSE
	EndGlobalSection
EndGlobal
